
Microsoft Visual Studio Solution File, Format Version 12.00
Project("{FAE04EC0-301F-11D3-BF4B-00C04F79EFBC}") = "zadanie4", "zadanie4\zadanie4.csproj", "{F74A0BA6-D4ED-4901-A26F-4CB4DEC1BAA9}"
EndProject
Global
	GlobalSection(SolutionConfigurationPlatforms) = preSolution
		Debug|Any CPU = Debug|Any CPU
		Release|Any CPU = Release|Any CPU
	EndGlobalSection
	GlobalSection(ProjectConfigurationPlatforms) = postSolution
		{F74A0BA6-D4ED-4901-A26F-4CB4DEC1BAA9}.Debug|Any CPU.ActiveCfg = Debug|Any CPU
		{F74A0BA6-D4ED-4901-A26F-4CB4DEC1BAA9}.Debug|Any CPU.Build.0 = Debug|Any CPU
		{F74A0BA6-D4ED-4901-A26F-4CB4DEC1BAA9}.Release|Any CPU.ActiveCfg = Release|Any CPU
		{F74A0BA6-D4ED-4901-A26F-4CB4DEC1BAA9}.Release|Any CPU.Build.0 = Release|Any CPU
	EndGlobalSection
EndGlobal
